
Microsoft Visual Studio Solution File, Format Version 12.00
# Visual Studio Version 16
VisualStudioVersion = 16.0.30002.166
MinimumVisualStudioVersion = 10.0.40219.1
Project("{FAE04EC0-301F-11D3-BF4B-00C04F79EFBC}") = "Graphic1", "Graphic_1\Graphic1.csproj", "{4F73539A-D239-4337-943D-0FD882170321}"
EndProject
Global
	GlobalSection(SolutionConfigurationPlatforms) = preSolution
		Debug|Any CPU = Debug|Any CPU
		Release|Any CPU = Release|Any CPU
	EndGlobalSection
	GlobalSection(ProjectConfigurationPlatforms) = postSolution
		{4F73539A-D239-4337-943D-0FD882170321}.Debug|Any CPU.ActiveCfg = Debug|Any CPU
		{4F73539A-D239-4337-943D-0FD882170321}.Debug|Any CPU.Build.0 = Debug|Any CPU
		{4F73539A-D239-4337-943D-0FD882170321}.Release|Any CPU.ActiveCfg = Release|Any CPU
		{4F73539A-D239-4337-943D-0FD882170321}.Release|Any CPU.Build.0 = Release|Any CPU
	EndGlobalSection
	GlobalSection(SolutionProperties) = preSolution
		HideSolutionNode = FALSE
	EndGlobalSection
	GlobalSection(ExtensibilityGlobals) = postSolution
		SolutionGuid = {780949B9-9A14-429D-96A3-5A579F8C21E7}
	EndGlobalSection
EndGlobal
